// !$*UTF8*$!
{
	archiveVersion = 1;
	classes = {
	};
	objectVersion = 46;
	objects = {

/* Begin PBXBuildFile section */
		E1BDC5611C70582E001DEA28 /* SpriteElementObjectDeconstructor.swift in Sources */ = {isa = PBXBuildFile; fileRef = E1BDC5471C7056FD001DEA28 /* SpriteElementObjectDeconstructor.swift */; };
		E1BDC5621C70582E001DEA28 /* SpriteElement.swift in Sources */ = {isa = PBXBuildFile; fileRef = E1BDC5481C7056FD001DEA28 /* SpriteElement.swift */; };
		E1BDC5631C70582E001DEA28 /* SpriteElementReference.swift in Sources */ = {isa = PBXBuildFile; fileRef = E1BDC5491C7056FD001DEA28 /* SpriteElementReference.swift */; };
		E1BDC5641C70582E001DEA28 /* SpriteElementScene.swift in Sources */ = {isa = PBXBuildFile; fileRef = E1BDC54A1C7056FD001DEA28 /* SpriteElementScene.swift */; };
		E1BDC5651C70582E001DEA28 /* SpriteElementNodeReference.swift in Sources */ = {isa = PBXBuildFile; fileRef = E1BDC54B1C7056FD001DEA28 /* SpriteElementNodeReference.swift */; };
		E1BDC5661C70582E001DEA28 /* SpriteElementEssence.swift in Sources */ = {isa = PBXBuildFile; fileRef = E1BDC54C1C7056FD001DEA28 /* SpriteElementEssence.swift */; };
		E1BDC57E1C7061C8001DEA28 /* SpriteElementObjectDeconstructor.swift in Sources */ = {isa = PBXBuildFile; fileRef = E1BDC5471C7056FD001DEA28 /* SpriteElementObjectDeconstructor.swift */; };
		E1BDC57F1C7061C8001DEA28 /* SpriteElement.swift in Sources */ = {isa = PBXBuildFile; fileRef = E1BDC5481C7056FD001DEA28 /* SpriteElement.swift */; };
		E1BDC5801C7061C8001DEA28 /* SpriteElementReference.swift in Sources */ = {isa = PBXBuildFile; fileRef = E1BDC5491C7056FD001DEA28 /* SpriteElementReference.swift */; };
		E1BDC5811C7061C8001DEA28 /* SpriteElementScene.swift in Sources */ = {isa = PBXBuildFile; fileRef = E1BDC54A1C7056FD001DEA28 /* SpriteElementScene.swift */; };
		E1BDC5821C7061C8001DEA28 /* SpriteElementNodeReference.swift in Sources */ = {isa = PBXBuildFile; fileRef = E1BDC54B1C7056FD001DEA28 /* SpriteElementNodeReference.swift */; };
		E1BDC5831C7061C8001DEA28 /* SpriteElementEssence.swift in Sources */ = {isa = PBXBuildFile; fileRef = E1BDC54C1C7056FD001DEA28 /* SpriteElementEssence.swift */; };
		E1BDC58A1C706AEA001DEA28 /* SpriteKit.framework in Frameworks */ = {isa = PBXBuildFile; fileRef = E1BDC5891C706AEA001DEA28 /* SpriteKit.framework */; };
		E1BDC58C1C706AF1001DEA28 /* SpriteKit.framework in Frameworks */ = {isa = PBXBuildFile; fileRef = E1BDC58B1C706AF1001DEA28 /* SpriteKit.framework */; };
/* End PBXBuildFile section */

/* Begin PBXFileReference section */
		E1BDC53B1C7056E0001DEA28 /* Info.plist */ = {isa = PBXFileReference; lastKnownFileType = text.plist.xml; path = Info.plist; sourceTree = "<group>"; };
		E1BDC5471C7056FD001DEA28 /* SpriteElementObjectDeconstructor.swift */ = {isa = PBXFileReference; fileEncoding = 4; lastKnownFileType = sourcecode.swift; name = SpriteElementObjectDeconstructor.swift; path = ../../../SpriteKitElements/SpriteElementObjectDeconstructor.swift; sourceTree = "<group>"; };
		E1BDC5481C7056FD001DEA28 /* SpriteElement.swift */ = {isa = PBXFileReference; fileEncoding = 4; lastKnownFileType = sourcecode.swift; name = SpriteElement.swift; path = ../../../SpriteKitElements/SpriteElement.swift; sourceTree = "<group>"; };
		E1BDC5491C7056FD001DEA28 /* SpriteElementReference.swift */ = {isa = PBXFileReference; fileEncoding = 4; lastKnownFileType = sourcecode.swift; name = SpriteElementReference.swift; path = ../../../SpriteKitElements/SpriteElementReference.swift; sourceTree = "<group>"; };
		E1BDC54A1C7056FD001DEA28 /* SpriteElementScene.swift */ = {isa = PBXFileReference; fileEncoding = 4; lastKnownFileType = sourcecode.swift; name = SpriteElementScene.swift; path = ../../../SpriteKitElements/SpriteElementScene.swift; sourceTree = "<group>"; };
		E1BDC54B1C7056FD001DEA28 /* SpriteElementNodeReference.swift */ = {isa = PBXFileReference; fileEncoding = 4; lastKnownFileType = sourcecode.swift; name = SpriteElementNodeReference.swift; path = ../../../SpriteKitElements/SpriteElementNodeReference.swift; sourceTree = "<group>"; };
		E1BDC54C1C7056FD001DEA28 /* SpriteElementEssence.swift */ = {isa = PBXFileReference; fileEncoding = 4; lastKnownFileType = sourcecode.swift; name = SpriteElementEssence.swift; path = ../../../SpriteKitElements/SpriteElementEssence.swift; sourceTree = "<group>"; };
		E1BDC5591C70580B001DEA28 /* SpriteKitElements.framework */ = {isa = PBXFileReference; explicitFileType = wrapper.framework; includeInIndex = 0; path = SpriteKitElements.framework; sourceTree = BUILT_PRODUCTS_DIR; };
		E1BDC55D1C70580B001DEA28 /* Info.plist */ = {isa = PBXFileReference; lastKnownFileType = text.plist.xml; path = Info.plist; sourceTree = "<group>"; };
		E1BDC5761C7061BB001DEA28 /* SpriteKitElementsTV.framework */ = {isa = PBXFileReference; explicitFileType = wrapper.framework; includeInIndex = 0; path = SpriteKitElementsTV.framework; sourceTree = BUILT_PRODUCTS_DIR; };
		E1BDC57A1C7061BB001DEA28 /* Info.plist */ = {isa = PBXFileReference; lastKnownFileType = text.plist.xml; path = Info.plist; sourceTree = "<group>"; };
		E1BDC5891C706AEA001DEA28 /* SpriteKit.framework */ = {isa = PBXFileReference; lastKnownFileType = wrapper.framework; name = SpriteKit.framework; path = Platforms/AppleTVOS.platform/Developer/SDKs/AppleTVOS9.1.sdk/System/Library/Frameworks/SpriteKit.framework; sourceTree = DEVELOPER_DIR; };
		E1BDC58B1C706AF1001DEA28 /* SpriteKit.framework */ = {isa = PBXFileReference; lastKnownFileType = wrapper.framework; name = SpriteKit.framework; path = System/Library/Frameworks/SpriteKit.framework; sourceTree = SDKROOT; };
/* End PBXFileReference section */

/* Begin PBXFrameworksBuildPhase section */
		E1BDC5551C70580B001DEA28 /* Frameworks */ = {
			isa = PBXFrameworksBuildPhase;
			buildActionMask = 2147483647;
			files = (
				E1BDC58C1C706AF1001DEA28 /* SpriteKit.framework in Frameworks */,
			);
			runOnlyForDeploymentPostprocessing = 0;
		};
		E1BDC5721C7061BB001DEA28 /* Frameworks */ = {
			isa = PBXFrameworksBuildPhase;
			buildActionMask = 2147483647;
			files = (
				E1BDC58A1C706AEA001DEA28 /* SpriteKit.framework in Frameworks */,
			);
			runOnlyForDeploymentPostprocessing = 0;
		};
/* End PBXFrameworksBuildPhase section */

/* Begin PBXGroup section */
		E1BDC52C1C7056E0001DEA28 = {
			isa = PBXGroup;
			children = (
				E1BDC58B1C706AF1001DEA28 /* SpriteKit.framework */,
				E1BDC5891C706AEA001DEA28 /* SpriteKit.framework */,
				E1BDC5381C7056E0001DEA28 /* SpriteKitElementsFramework */,
				E1BDC55A1C70580B001DEA28 /* SpriteKitElementsiOS */,
				E1BDC5771C7061BB001DEA28 /* SpriteKitElementsTV */,
				E1BDC5371C7056E0001DEA28 /* Products */,
			);
			sourceTree = "<group>";
		};
		E1BDC5371C7056E0001DEA28 /* Products */ = {
			isa = PBXGroup;
			children = (
				E1BDC5591C70580B001DEA28 /* SpriteKitElements.framework */,
				E1BDC5761C7061BB001DEA28 /* SpriteKitElementsTV.framework */,
			);
			name = Products;
			sourceTree = "<group>";
		};
		E1BDC5381C7056E0001DEA28 /* SpriteKitElementsFramework */ = {
			isa = PBXGroup;
			children = (
				E1BDC5471C7056FD001DEA28 /* SpriteElementObjectDeconstructor.swift */,
				E1BDC5481C7056FD001DEA28 /* SpriteElement.swift */,
				E1BDC5491C7056FD001DEA28 /* SpriteElementReference.swift */,
				E1BDC54A1C7056FD001DEA28 /* SpriteElementScene.swift */,
				E1BDC54B1C7056FD001DEA28 /* SpriteElementNodeReference.swift */,
				E1BDC54C1C7056FD001DEA28 /* SpriteElementEssence.swift */,
				E1BDC53B1C7056E0001DEA28 /* Info.plist */,
			);
			path = SpriteKitElementsFramework;
			sourceTree = "<group>";
		};
		E1BDC55A1C70580B001DEA28 /* SpriteKitElementsiOS */ = {
			isa = PBXGroup;
			children = (
				E1BDC55D1C70580B001DEA28 /* Info.plist */,
			);
			path = SpriteKitElementsiOS;
			sourceTree = "<group>";
		};
		E1BDC5771C7061BB001DEA28 /* SpriteKitElementsTV */ = {
			isa = PBXGroup;
			children = (
				E1BDC57A1C7061BB001DEA28 /* Info.plist */,
			);
			path = SpriteKitElementsTV;
			sourceTree = "<group>";
		};
/* End PBXGroup section */

/* Begin PBXHeadersBuildPhase section */
		E1BDC5561C70580B001DEA28 /* Headers */ = {
			isa = PBXHeadersBuildPhase;
			buildActionMask = 2147483647;
			files = (
			);
			runOnlyForDeploymentPostprocessing = 0;
		};
		E1BDC5731C7061BB001DEA28 /* Headers */ = {
			isa = PBXHeadersBuildPhase;
			buildActionMask = 2147483647;
			files = (
			);
			runOnlyForDeploymentPostprocessing = 0;
		};
/* End PBXHeadersBuildPhase section */

/* Begin PBXNativeTarget section */
		E1BDC5581C70580B001DEA28 /* SpriteKitElements */ = {
			isa = PBXNativeTarget;
			buildConfigurationList = E1BDC55E1C70580B001DEA28 /* Build configuration list for PBXNativeTarget "SpriteKitElements" */;
			buildPhases = (
				E1BDC5541C70580B001DEA28 /* Sources */,
				E1BDC5551C70580B001DEA28 /* Frameworks */,
				E1BDC5561C70580B001DEA28 /* Headers */,
				E1BDC5571C70580B001DEA28 /* Resources */,
			);
			buildRules = (
			);
			dependencies = (
			);
			name = SpriteKitElements;
			productName = SpriteKitElementsiOS;
			productReference = E1BDC5591C70580B001DEA28 /* SpriteKitElements.framework */;
			productType = "com.apple.product-type.framework";
		};
		E1BDC5751C7061BB001DEA28 /* SpriteKitElementsTV */ = {
			isa = PBXNativeTarget;
			buildConfigurationList = E1BDC57B1C7061BB001DEA28 /* Build configuration list for PBXNativeTarget "SpriteKitElementsTV" */;
			buildPhases = (
				E1BDC5711C7061BB001DEA28 /* Sources */,
				E1BDC5721C7061BB001DEA28 /* Frameworks */,
				E1BDC5731C7061BB001DEA28 /* Headers */,
				E1BDC5741C7061BB001DEA28 /* Resources */,
			);
			buildRules = (
			);
			dependencies = (
			);
			name = SpriteKitElementsTV;
			productName = SpriteKitElementsTV;
			productReference = E1BDC5761C7061BB001DEA28 /* SpriteKitElementsTV.framework */;
			productType = "com.apple.product-type.framework";
		};
/* End PBXNativeTarget section */

/* Begin PBXProject section */
		E1BDC52D1C7056E0001DEA28 /* Project object */ = {
			isa = PBXProject;
			attributes = {
				LastUpgradeCheck = 0720;
				ORGANIZATIONNAME = "Nicholas Cross";
				TargetAttributes = {
					E1BDC5581C70580B001DEA28 = {
						CreatedOnToolsVersion = 7.2;
					};
					E1BDC5751C7061BB001DEA28 = {
						CreatedOnToolsVersion = 7.2;
					};
				};
			};
			buildConfigurationList = E1BDC5301C7056E0001DEA28 /* Build configuration list for PBXProject "SpriteKitElementsFramework" */;
			compatibilityVersion = "Xcode 3.2";
			developmentRegion = English;
			hasScannedForEncodings = 0;
			knownRegions = (
				en,
			);
			mainGroup = E1BDC52C1C7056E0001DEA28;
			productRefGroup = E1BDC5371C7056E0001DEA28 /* Products */;
			projectDirPath = "";
			projectRoot = "";
			targets = (
				E1BDC5581C70580B001DEA28 /* SpriteKitElements */,
				E1BDC5751C7061BB001DEA28 /* SpriteKitElementsTV */,
			);
		};
/* End PBXProject section */

/* Begin PBXResourcesBuildPhase section */
		E1BDC5571C70580B001DEA28 /* Resources */ = {
			isa = PBXResourcesBuildPhase;
			buildActionMask = 2147483647;
			files = (
			);
			runOnlyForDeploymentPostprocessing = 0;
		};
		E1BDC5741C7061BB001DEA28 /* Resources */ = {
			isa = PBXResourcesBuildPhase;
			buildActionMask = 2147483647;
			files = (
			);
			runOnlyForDeploymentPostprocessing = 0;
		};
/* End PBXResourcesBuildPhase section */

/* Begin PBXSourcesBuildPhase section */
		E1BDC5541C70580B001DEA28 /* Sources */ = {
			isa = PBXSourcesBuildPhase;
			buildActionMask = 2147483647;
			files = (
				E1BDC5611C70582E001DEA28 /* SpriteElementObjectDeconstructor.swift in Sources */,
				E1BDC5621C70582E001DEA28 /* SpriteElement.swift in Sources */,
				E1BDC5631C70582E001DEA28 /* SpriteElementReference.swift in Sources */,
				E1BDC5641C70582E001DEA28 /* SpriteElementScene.swift in Sources */,
				E1BDC5651C70582E001DEA28 /* SpriteElementNodeReference.swift in Sources */,
				E1BDC5661C70582E001DEA28 /* SpriteElementEssence.swift in Sources */,
			);
			runOnlyForDeploymentPostprocessing = 0;
		};
		E1BDC5711C7061BB001DEA28 /* Sources */ = {
			isa = PBXSourcesBuildPhase;
			buildActionMask = 2147483647;
			files = (
				E1BDC57E1C7061C8001DEA28 /* SpriteElementObjectDeconstructor.swift in Sources */,
				E1BDC57F1C7061C8001DEA28 /* SpriteElement.swift in Sources */,
				E1BDC5801C7061C8001DEA28 /* SpriteElementReference.swift in Sources */,
				E1BDC5811C7061C8001DEA28 /* SpriteElementScene.swift in Sources */,
				E1BDC5821C7061C8001DEA28 /* SpriteElementNodeReference.swift in Sources */,
				E1BDC5831C7061C8001DEA28 /* SpriteElementEssence.swift in Sources */,
			);
			runOnlyForDeploymentPostprocessing = 0;
		};
/* End PBXSourcesBuildPhase section */

/* Begin XCBuildConfiguration section */
		E1BDC53C1C7056E0001DEA28 /* Debug */ = {
			isa = XCBuildConfiguration;
			buildSettings = {
				ALWAYS_SEARCH_USER_PATHS = NO;
				CLANG_CXX_LANGUAGE_STANDARD = "gnu++0x";
				CLANG_CXX_LIBRARY = "libc++";
				CLANG_ENABLE_MODULES = YES;
				CLANG_ENABLE_OBJC_ARC = YES;
				CLANG_WARN_BOOL_CONVERSION = YES;
				CLANG_WARN_CONSTANT_CONVERSION = YES;
				CLANG_WARN_DIRECT_OBJC_ISA_USAGE = YES_ERROR;
				CLANG_WARN_EMPTY_BODY = YES;
				CLANG_WARN_ENUM_CONVERSION = YES;
				CLANG_WARN_INT_CONVERSION = YES;
				CLANG_WARN_OBJC_ROOT_CLASS = YES_ERROR;
				CLANG_WARN_UNREACHABLE_CODE = YES;
				CLANG_WARN__DUPLICATE_METHOD_MATCH = YES;
				COPY_PHASE_STRIP = NO;
				CURRENT_PROJECT_VERSION = 1;
				DEBUG_INFORMATION_FORMAT = dwarf;
				ENABLE_STRICT_OBJC_MSGSEND = YES;
				ENABLE_TESTABILITY = YES;
				GCC_C_LANGUAGE_STANDARD = gnu99;
				GCC_DYNAMIC_NO_PIC = NO;
				GCC_NO_COMMON_BLOCKS = YES;
				GCC_OPTIMIZATION_LEVEL = 0;
				GCC_PREPROCESSOR_DEFINITIONS = (
					"DEBUG=1",
					"$(inherited)",
				);
				GCC_WARN_64_TO_32_BIT_CONVERSION = YES;
				GCC_WARN_ABOUT_RETURN_TYPE = YES_ERROR;
				GCC_WARN_UNDECLARED_SELECTOR = YES;
				GCC_WARN_UNINITIALIZED_AUTOS = YES_AGGRESSIVE;
				GCC_WARN_UNUSED_FUNCTION = YES;
				GCC_WARN_UNUSED_VARIABLE = YES;
				MTL_ENABLE_DEBUG_INFO = YES;
				ONLY_ACTIVE_ARCH = YES;
				SDKROOT = iphoneos9.2;
				SWIFT_OPTIMIZATION_LEVEL = "-Onone";
				TARGETED_DEVICE_FAMILY = 3;
				TVOS_DEPLOYMENT_TARGET = 9.1;
				VERSIONING_SYSTEM = "apple-generic";
				VERSION_INFO_PREFIX = "";
			};
			name = Debug;
		};
		E1BDC53D1C7056E0001DEA28 /* Release */ = {
			isa = XCBuildConfiguration;
			buildSettings = {
				ALWAYS_SEARCH_USER_PATHS = NO;
				CLANG_CXX_LANGUAGE_STANDARD = "gnu++0x";
				CLANG_CXX_LIBRARY = "libc++";
				CLANG_ENABLE_MODULES = YES;
				CLANG_ENABLE_OBJC_ARC = YES;
				CLANG_WARN_BOOL_CONVERSION = YES;
				CLANG_WARN_CONSTANT_CONVERSION = YES;
				CLANG_WARN_DIRECT_OBJC_ISA_USAGE = YES_ERROR;
				CLANG_WARN_EMPTY_BODY = YES;
				CLANG_WARN_ENUM_CONVERSION = YES;
				CLANG_WARN_INT_CONVERSION = YES;
				CLANG_WARN_OBJC_ROOT_CLASS = YES_ERROR;
				CLANG_WARN_UNREACHABLE_CODE = YES;
				CLANG_WARN__DUPLICATE_METHOD_MATCH = YES;
				COPY_PHASE_STRIP = NO;
				CURRENT_PROJECT_VERSION = 1;
				DEBUG_INFORMATION_FORMAT = "dwarf-with-dsym";
				ENABLE_NS_ASSERTIONS = NO;
				ENABLE_STRICT_OBJC_MSGSEND = YES;
				GCC_C_LANGUAGE_STANDARD = gnu99;
				GCC_NO_COMMON_BLOCKS = YES;
				GCC_WARN_64_TO_32_BIT_CONVERSION = YES;
				GCC_WARN_ABOUT_RETURN_TYPE = YES_ERROR;
				GCC_WARN_UNDECLARED_SELECTOR = YES;
				GCC_WARN_UNINITIALIZED_AUTOS = YES_AGGRESSIVE;
				GCC_WARN_UNUSED_FUNCTION = YES;
				GCC_WARN_UNUSED_VARIABLE = YES;
				MTL_ENABLE_DEBUG_INFO = NO;
				SDKROOT = iphoneos9.2;
				TARGETED_DEVICE_FAMILY = 3;
				TVOS_DEPLOYMENT_TARGET = 9.1;
				VALIDATE_PRODUCT = YES;
				VERSIONING_SYSTEM = "apple-generic";
				VERSION_INFO_PREFIX = "";
			};
			name = Release;
		};
		E1BDC55F1C70580B001DEA28 /* Debug */ = {
			isa = XCBuildConfiguration;
			buildSettings = {
				"CODE_SIGN_IDENTITY[sdk=iphoneos*]" = "iPhone Developer";
				DEFINES_MODULE = YES;
				DYLIB_COMPATIBILITY_VERSION = 1;
				DYLIB_CURRENT_VERSION = 1;
				DYLIB_INSTALL_NAME_BASE = "@rpath";
				ENABLE_BITCODE = YES;
				INFOPLIST_FILE = SpriteKitElementsiOS/Info.plist;
				INSTALL_PATH = "$(LOCAL_LIBRARY_DIR)/Frameworks";
				IPHONEOS_DEPLOYMENT_TARGET = 9.2;
				LD_RUNPATH_SEARCH_PATHS = "$(inherited) @executable_path/Frameworks @loader_path/Frameworks";
				PRODUCT_BUNDLE_IDENTIFIER = com.nacrossweb.SpriteKitElementsiOS;
				PRODUCT_NAME = "$(TARGET_NAME)";
				SDKROOT = iphoneos;
				SKIP_INSTALL = YES;
				SWIFT_INSTALL_OBJC_HEADER = NO;
				TARGETED_DEVICE_FAMILY = "1,2";
			};
			name = Debug;
		};
		E1BDC5601C70580B001DEA28 /* Release */ = {
			isa = XCBuildConfiguration;
			buildSettings = {
				"CODE_SIGN_IDENTITY[sdk=iphoneos*]" = "iPhone Developer";
				DEFINES_MODULE = YES;
				DYLIB_COMPATIBILITY_VERSION = 1;
				DYLIB_CURRENT_VERSION = 1;
				DYLIB_INSTALL_NAME_BASE = "@rpath";
				ENABLE_BITCODE = YES;
				INFOPLIST_FILE = SpriteKitElementsiOS/Info.plist;
				INSTALL_PATH = "$(LOCAL_LIBRARY_DIR)/Frameworks";
				IPHONEOS_DEPLOYMENT_TARGET = 9.2;
				LD_RUNPATH_SEARCH_PATHS = "$(inherited) @executable_path/Frameworks @loader_path/Frameworks";
				PRODUCT_BUNDLE_IDENTIFIER = com.nacrossweb.SpriteKitElementsiOS;
				PRODUCT_NAME = "$(TARGET_NAME)";
				SDKROOT = iphoneos;
				SKIP_INSTALL = YES;
				SWIFT_INSTALL_OBJC_HEADER = NO;
				TARGETED_DEVICE_FAMILY = "1,2";
			};
			name = Release;
		};
		E1BDC57C1C7061BB001DEA28 /* Debug */ = {
			isa = XCBuildConfiguration;
			buildSettings = {
				DEFINES_MODULE = YES;
				DYLIB_COMPATIBILITY_VERSION = 1;
				DYLIB_CURRENT_VERSION = 1;
				DYLIB_INSTALL_NAME_BASE = "@rpath";
				ENABLE_BITCODE = YES;
				INFOPLIST_FILE = SpriteKitElementsTV/Info.plist;
				INSTALL_PATH = "$(LOCAL_LIBRARY_DIR)/Frameworks";
				LD_RUNPATH_SEARCH_PATHS = "$(inherited) @executable_path/Frameworks @loader_path/Frameworks";
				PRODUCT_BUNDLE_IDENTIFIER = com.nacrossweb.SpriteKitElementsTV;
				PRODUCT_NAME = "$(TARGET_NAME)";
				SDKROOT = appletvos;
				SKIP_INSTALL = YES;
				SWIFT_INSTALL_OBJC_HEADER = NO;
				SWIFT_OBJC_INTERFACE_HEADER_NAME = "";
			};
			name = Debug;
		};
		E1BDC57D1C7061BB001DEA28 /* Release */ = {
			isa = XCBuildConfiguration;
			buildSettings = {
				DEFINES_MODULE = YES;
				DYLIB_COMPATIBILITY_VERSION = 1;
				DYLIB_CURRENT_VERSION = 1;
				DYLIB_INSTALL_NAME_BASE = "@rpath";
				ENABLE_BITCODE = YES;
				INFOPLIST_FILE = SpriteKitElementsTV/Info.plist;
				INSTALL_PATH = "$(LOCAL_LIBRARY_DIR)/Frameworks";
				LD_RUNPATH_SEARCH_PATHS = "$(inherited) @executable_path/Frameworks @loader_path/Frameworks";
				PRODUCT_BUNDLE_IDENTIFIER = com.nacrossweb.SpriteKitElementsTV;
				PRODUCT_NAME = "$(TARGET_NAME)";
				SDKROOT = appletvos;
				SKIP_INSTALL = YES;
				SWIFT_INSTALL_OBJC_HEADER = NO;
				SWIFT_OBJC_INTERFACE_HEADER_NAME = "";
			};
			name = Release;
		};
/* End XCBuildConfiguration section */

/* Begin XCConfigurationList section */
		E1BDC5301C7056E0001DEA28 /* Build configuration list for PBXProject "SpriteKitElementsFramework" */ = {
			isa = XCConfigurationList;
			buildConfigurations = (
				E1BDC53C1C7056E0001DEA28 /* Debug */,
				E1BDC53D1C7056E0001DEA28 /* Release */,
			);
			defaultConfigurationIsVisible = 0;
			defaultConfigurationName = Release;
		};
		E1BDC55E1C70580B001DEA28 /* Build configuration list for PBXNativeTarget "SpriteKitElements" */ = {
			isa = XCConfigurationList;
			buildConfigurations = (
				E1BDC55F1C70580B001DEA28 /* Debug */,
				E1BDC5601C70580B001DEA28 /* Release */,
			);
			defaultConfigurationIsVisible = 0;
			defaultConfigurationName = Release;
		};
		E1BDC57B1C7061BB001DEA28 /* Build configuration list for PBXNativeTarget "SpriteKitElementsTV" */ = {
			isa = XCConfigurationList;
			buildConfigurations = (
				E1BDC57C1C7061BB001DEA28 /* Debug */,
				E1BDC57D1C7061BB001DEA28 /* Release */,
			);
			defaultConfigurationIsVisible = 0;
			defaultConfigurationName = Release;
		};
/* End XCConfigurationList section */
	};
	rootObject = E1BDC52D1C7056E0001DEA28 /* Project object */;
}
